
Microsoft Visual Studio Solution File, Format Version 12.00
# Visual Studio Version 17
VisualStudioVersion = 17.5.002.0
MinimumVisualStudioVersion = 10.0.40219.1
Project("{9A19103F-16F7-4668-BE54-9A1E7A4F7556}") = "clasificar triangulos", "clasificar triangulos\clasificar triangulos.csproj", "{6207FFD6-FB88-49A1-AEA3-C810B8078FE0}"
EndProject
Global
	GlobalSection(SolutionConfigurationPlatforms) = preSolution
		Debug|Any CPU = Debug|Any CPU
		Release|Any CPU = Release|Any CPU
	EndGlobalSection
	GlobalSection(ProjectConfigurationPlatforms) = postSolution
		{6207FFD6-FB88-49A1-AEA3-C810B8078FE0}.Debug|Any CPU.ActiveCfg = Debug|Any CPU
		{6207FFD6-FB88-49A1-AEA3-C810B8078FE0}.Debug|Any CPU.Build.0 = Debug|Any CPU
		{6207FFD6-FB88-49A1-AEA3-C810B8078FE0}.Release|Any CPU.ActiveCfg = Release|Any CPU
		{6207FFD6-FB88-49A1-AEA3-C810B8078FE0}.Release|Any CPU.Build.0 = Release|Any CPU
	EndGlobalSection
	GlobalSection(SolutionProperties) = preSolution
		HideSolutionNode = FALSE
	EndGlobalSection
	GlobalSection(ExtensibilityGlobals) = postSolution
		SolutionGuid = {7B3EB574-40BD-4206-AC15-A58AECBE62AC}
	EndGlobalSection
EndGlobal
