
Microsoft Visual Studio Solution File, Format Version 12.00
# Visual Studio Version 17
VisualStudioVersion = 17.5.002.0
MinimumVisualStudioVersion = 10.0.40219.1
Project("{9A19103F-16F7-4668-BE54-9A1E7A4F7556}") = "calculadora_extendida", "calculadora_extendida.csproj", "{8BDBC44B-81FB-404F-9B57-8B2C66B8740B}"
EndProject
Global
	GlobalSection(SolutionConfigurationPlatforms) = preSolution
		Debug|Any CPU = Debug|Any CPU
		Release|Any CPU = Release|Any CPU
	EndGlobalSection
	GlobalSection(ProjectConfigurationPlatforms) = postSolution
		{8BDBC44B-81FB-404F-9B57-8B2C66B8740B}.Debug|Any CPU.ActiveCfg = Debug|Any CPU
		{8BDBC44B-81FB-404F-9B57-8B2C66B8740B}.Debug|Any CPU.Build.0 = Debug|Any CPU
		{8BDBC44B-81FB-404F-9B57-8B2C66B8740B}.Release|Any CPU.ActiveCfg = Release|Any CPU
		{8BDBC44B-81FB-404F-9B57-8B2C66B8740B}.Release|Any CPU.Build.0 = Release|Any CPU
	EndGlobalSection
	GlobalSection(SolutionProperties) = preSolution
		HideSolutionNode = FALSE
	EndGlobalSection
	GlobalSection(ExtensibilityGlobals) = postSolution
		SolutionGuid = {29180301-AEE0-44B5-ADF4-82C36F379750}
	EndGlobalSection
EndGlobal
