
Microsoft Visual Studio Solution File, Format Version 12.00
# Visual Studio Version 17
VisualStudioVersion = 17.5.002.0
MinimumVisualStudioVersion = 10.0.40219.1
Project("{9A19103F-16F7-4668-BE54-9A1E7A4F7556}") = "array_ordenamiento", "array_ordenamiento.csproj", "{EDC13978-5672-4F7C-8BF4-F3C0210A578C}"
EndProject
Global
	GlobalSection(SolutionConfigurationPlatforms) = preSolution
		Debug|Any CPU = Debug|Any CPU
		Release|Any CPU = Release|Any CPU
	EndGlobalSection
	GlobalSection(ProjectConfigurationPlatforms) = postSolution
		{EDC13978-5672-4F7C-8BF4-F3C0210A578C}.Debug|Any CPU.ActiveCfg = Debug|Any CPU
		{EDC13978-5672-4F7C-8BF4-F3C0210A578C}.Debug|Any CPU.Build.0 = Debug|Any CPU
		{EDC13978-5672-4F7C-8BF4-F3C0210A578C}.Release|Any CPU.ActiveCfg = Release|Any CPU
		{EDC13978-5672-4F7C-8BF4-F3C0210A578C}.Release|Any CPU.Build.0 = Release|Any CPU
	EndGlobalSection
	GlobalSection(SolutionProperties) = preSolution
		HideSolutionNode = FALSE
	EndGlobalSection
	GlobalSection(ExtensibilityGlobals) = postSolution
		SolutionGuid = {4447572F-088C-4A63-AC9C-F2669266F42F}
	EndGlobalSection
EndGlobal
