
Microsoft Visual Studio Solution File, Format Version 12.00
# Visual Studio Version 17
VisualStudioVersion = 17.5.002.0
MinimumVisualStudioVersion = 10.0.40219.1
Project("{9A19103F-16F7-4668-BE54-9A1E7A4F7556}") = "rotar_elemento_array", "rotar_elemento_array.csproj", "{AC913714-C075-420E-B1F8-7FAB88AAFFA7}"
EndProject
Global
	GlobalSection(SolutionConfigurationPlatforms) = preSolution
		Debug|Any CPU = Debug|Any CPU
		Release|Any CPU = Release|Any CPU
	EndGlobalSection
	GlobalSection(ProjectConfigurationPlatforms) = postSolution
		{AC913714-C075-420E-B1F8-7FAB88AAFFA7}.Debug|Any CPU.ActiveCfg = Debug|Any CPU
		{AC913714-C075-420E-B1F8-7FAB88AAFFA7}.Debug|Any CPU.Build.0 = Debug|Any CPU
		{AC913714-C075-420E-B1F8-7FAB88AAFFA7}.Release|Any CPU.ActiveCfg = Release|Any CPU
		{AC913714-C075-420E-B1F8-7FAB88AAFFA7}.Release|Any CPU.Build.0 = Release|Any CPU
	EndGlobalSection
	GlobalSection(SolutionProperties) = preSolution
		HideSolutionNode = FALSE
	EndGlobalSection
	GlobalSection(ExtensibilityGlobals) = postSolution
		SolutionGuid = {838B46DD-2FBB-4DD6-831B-C179FD8EBF6F}
	EndGlobalSection
EndGlobal
